
Microsoft Visual Studio Solution File, Format Version 12.00
# Visual Studio Version 17
VisualStudioVersion = 17.5.002.0
MinimumVisualStudioVersion = 10.0.40219.1
Project("{9A19103F-16F7-4668-BE54-9A1E7A4F7556}") = "tl1-tp7-2024-exe2002", "tl1-tp7-2024-exe2002.csproj", "{CE2B2E9B-A159-4E2D-B0EE-D335A21C842F}"
EndProject
Global
	GlobalSection(SolutionConfigurationPlatforms) = preSolution
		Debug|Any CPU = Debug|Any CPU
		Release|Any CPU = Release|Any CPU
	EndGlobalSection
	GlobalSection(ProjectConfigurationPlatforms) = postSolution
		{CE2B2E9B-A159-4E2D-B0EE-D335A21C842F}.Debug|Any CPU.ActiveCfg = Debug|Any CPU
		{CE2B2E9B-A159-4E2D-B0EE-D335A21C842F}.Debug|Any CPU.Build.0 = Debug|Any CPU
		{CE2B2E9B-A159-4E2D-B0EE-D335A21C842F}.Release|Any CPU.ActiveCfg = Release|Any CPU
		{CE2B2E9B-A159-4E2D-B0EE-D335A21C842F}.Release|Any CPU.Build.0 = Release|Any CPU
	EndGlobalSection
	GlobalSection(SolutionProperties) = preSolution
		HideSolutionNode = FALSE
	EndGlobalSection
	GlobalSection(ExtensibilityGlobals) = postSolution
		SolutionGuid = {1ECFB35C-A53F-441D-A5F2-C557329A1A50}
	EndGlobalSection
EndGlobal
